[[package]]
name = "appdirs"
version = "1.4.4"
description = "A small Python module for determining appropriate platform-specific dirs, e.g. a \"user data dir\"."
category = "main"
optional = false
python-versions = "*"

[[package]]
name = "asgiref"
version = "3.5.0"
description = "ASGI specs, helper code, and adapters"
category = "main"
optional = false
python-versions = ">=3.7"

[package.extras]
tests = ["pytest", "pytest-asyncio", "mypy (>=0.800)"]

[[package]]
name = "biopython"
version = "1.79"
description = "Freely available tools for computational molecular biology."
category = "main"
optional = false
python-versions = ">=3.6"

[package.dependencies]
numpy = "*"

[[package]]
name = "certifi"
version = "2021.10.8"
description = "Python package for providing Mozilla's CA Bundle."
category = "main"
optional = false
python-versions = "*"

[[package]]
name = "charset-normalizer"
version = "2.0.12"
description = "The Real First Universal Charset Detector. Open, modern and actively maintained alternative to Chardet."
category = "main"
optional = false
python-versions = ">=3.5.0"

[package.extras]
unicode_backport = ["unicodedata2"]

[[package]]
name = "datacache"
version = "1.1.5"
description = "Helpers for transparently downloading datasets"
category = "main"
optional = false
python-versions = "*"

[package.dependencies]
appdirs = ">=1.4.0"
mock = "*"
pandas = ">=0.15.2"
progressbar33 = ">=2.4"
requests = ">=2.5.1"
typechecks = ">=0.0.2"

[[package]]
name = "decimalfp"
version = "0.12.2"
description = "Decimal numbers with fixed-point arithmetic"
category = "main"
optional = false
python-versions = ">=3.7"

[[package]]
name = "django"
version = "4.0.3"
description = "A high-level Python web framework that encourages rapid development and clean, pragmatic design."
category = "main"
optional = false
python-versions = ">=3.8"

[package.dependencies]
asgiref = ">=3.4.1,<4"
sqlparse = ">=0.2.2"
tzdata = {version = "*", markers = "sys_platform == \"win32\""}

[package.extras]
argon2 = ["argon2-cffi (>=19.1.0)"]
bcrypt = ["bcrypt"]

[[package]]
name = "gtfparse"
version = "1.2.1"
description = "GTF Parsing"
category = "main"
optional = false
python-versions = "*"

[package.dependencies]
numpy = ">=1.7"
pandas = ">=0.15"

[[package]]
name = "idna"
version = "3.3"
description = "Internationalized Domain Names in Applications (IDNA)"
category = "main"
optional = false
python-versions = ">=3.5"

[[package]]
name = "memoized-property"
version = "1.0.3"
description = "A simple python decorator for defining properties that only run their fget function once"
category = "main"
optional = false
python-versions = "*"

[[package]]
name = "mock"
version = "4.0.3"
description = "Rolling backport of unittest.mock for all Pythons"
category = "main"
optional = false
python-versions = ">=3.6"

[package.extras]
build = ["twine", "wheel", "blurb"]
docs = ["sphinx"]
test = ["pytest (<5.4)", "pytest-cov"]

[[package]]
name = "numpy"
version = "1.22.2"
description = "NumPy is the fundamental package for array computing with Python."
category = "main"
optional = false
python-versions = ">=3.8"

[[package]]
name = "pandas"
version = "1.4.1"
description = "Powerful data structures for data analysis, time series, and statistics"
category = "main"
optional = false
python-versions = ">=3.8"

[package.dependencies]
numpy = {version = ">=1.21.0", markers = "python_version >= \"3.10\""}
python-dateutil = ">=2.8.1"
pytz = ">=2020.1"

[package.extras]
test = ["hypothesis (>=5.5.3)", "pytest (>=6.0)", "pytest-xdist (>=1.31)"]

[[package]]
name = "progressbar33"
version = "2.4"
description = "Text progress bar library for Python."
category = "main"
optional = false
python-versions = "*"

[[package]]
name = "pyensembl"
version = "1.9.4"
description = "Python interface to ensembl reference genome metadata"
category = "main"
optional = false
python-versions = "*"

[package.dependencies]
datacache = ">=1.1.4"
gtfparse = ">=1.1.0"
memoized-property = ">=1.0.2"
pandas = ">=0.15"
serializable = "*"
six = ">=1.9.0"
tinytimer = "*"
typechecks = ">=0.0.2"

[[package]]
name = "python-dateutil"
version = "2.8.2"
description = "Extensions to the standard Python datetime module"
category = "main"
optional = false
python-versions = "!=3.0.*,!=3.1.*,!=3.2.*,>=2.7"

[package.dependencies]
six = ">=1.5"

[[package]]
name = "pytz"
version = "2021.3"
description = "World timezone definitions, modern and historical"
category = "main"
optional = false
python-versions = "*"

[[package]]
name = "pyvcf"
version = "0.6.8"
description = "Variant Call Format (VCF) parser for Python"
category = "main"
optional = false
python-versions = "*"

[[package]]
name = "quantity"
version = "0.11.2"
description = "Unit-safe computations with quantities (including money)"
category = "main"
optional = false
python-versions = ">=3.7"

[package.dependencies]
decimalfp = ">=0.11.4"

[[package]]
name = "requests"
version = "2.27.1"
description = "Python HTTP for Humans."
category = "main"
optional = false
python-versions = ">=2.7, !=3.0.*, !=3.1.*, !=3.2.*, !=3.3.*, !=3.4.*, !=3.5.*"

[package.dependencies]
certifi = ">=2017.4.17"
charset-normalizer = {version = ">=2.0.0,<2.1.0", markers = "python_version >= \"3\""}
idna = {version = ">=2.5,<4", markers = "python_version >= \"3\""}
urllib3 = ">=1.21.1,<1.27"

[package.extras]
socks = ["PySocks (>=1.5.6,!=1.5.7)", "win-inet-pton"]
use_chardet_on_py3 = ["chardet (>=3.0.2,<5)"]

[[package]]
name = "sercol"
version = "0.1.4"
description = "Rich collection class with grouping and filtering helpers"
category = "main"
optional = false
python-versions = "*"

[package.dependencies]
pandas = "*"
serializable = "*"
simplejson = "*"

[[package]]
name = "serializable"
version = "0.2.1"
description = "Base class with serialization helpers for user-defined Python objects"
category = "main"
optional = false
python-versions = "*"

[package.dependencies]
simplejson = "*"
six = ">=1.9.0"
typechecks = ">=0.0.2"

[[package]]
name = "simplejson"
version = "3.17.6"
description = "Simple, fast, extensible JSON encoder/decoder for Python"
category = "main"
optional = false
python-versions = ">=2.5, !=3.0.*, !=3.1.*, !=3.2.*"

[[package]]
name = "six"
version = "1.16.0"
description = "Python 2 and 3 compatibility utilities"
category = "main"
optional = false
python-versions = ">=2.7, !=3.0.*, !=3.1.*, !=3.2.*"

[[package]]
name = "sqlparse"
version = "0.4.2"
description = "A non-validating SQL parser."
category = "main"
optional = false
python-versions = ">=3.5"

[[package]]
name = "tinytimer"
version = "0.0.0"
description = "Tiny Python benchmarking library"
category = "main"
optional = false
python-versions = "*"

[[package]]
name = "typechecks"
version = "0.1.0"
description = "Helper functions for runtime type checking"
category = "main"
optional = false
python-versions = "*"

[[package]]
name = "tzdata"
version = "2021.5"
description = "Provider of IANA time zone data"
category = "main"
optional = false
python-versions = ">=2"

[[package]]
name = "urllib3"
version = "1.26.8"
description = "HTTP library with thread-safe connection pooling, file post, and more."
category = "main"
optional = false
python-versions = ">=2.7, !=3.0.*, !=3.1.*, !=3.2.*, !=3.3.*, !=3.4.*, <4"

[package.extras]
brotli = ["brotlipy (>=0.6.0)"]
secure = ["pyOpenSSL (>=0.14)", "cryptography (>=1.3.4)", "idna (>=2.0.0)", "certifi", "ipaddress"]
socks = ["PySocks (>=1.5.6,!=1.5.7,<2.0)"]

[[package]]
name = "varcode"
version = "1.0.3"
description = "Variant annotation in Python"
category = "main"
optional = false
python-versions = "*"

[package.dependencies]
biopython = ">=1.64"
memoized_property = ">=1.0.2"
numpy = ">=1.7,<2.0"
pandas = ">=0.15"
pyensembl = ">=1.8.1"
pyvcf = ">=0.6.7"
sercol = ">=0.1.4"
serializable = ">=0.2.1"

[[package]]
name = "variant"
version = "0.0.16"
description = ""
category = "main"
optional = false
python-versions = ">=3.6,<4.0"

[package.dependencies]
pyensembl = ">=1.9.4,<2.0.0"
varcode = "*"

[metadata]
lock-version = "1.1"
python-versions = "^3.10"
content-hash = "e7273cd1952a76e8d4907b4648920a6e0b22d97ba79eee22bc95421b26a4fe52"

[metadata.files]
appdirs = [
    {file = "appdirs-1.4.4-py2.py3-none-any.whl", hash = "sha256:a841dacd6b99318a741b166adb07e19ee71a274450e68237b4650ca1055ab128"},
    {file = "appdirs-1.4.4.tar.gz", hash = "sha256:7d5d0167b2b1ba821647616af46a749d1c653740dd0d2415100fe26e27afdf41"},
]
asgiref = [
    {file = "asgiref-3.5.0-py3-none-any.whl", hash = "sha256:88d59c13d634dcffe0510be048210188edd79aeccb6a6c9028cdad6f31d730a9"},
    {file = "asgiref-3.5.0.tar.gz", hash = "sha256:2f8abc20f7248433085eda803936d98992f1343ddb022065779f37c5da0181d0"},
]
biopython = [
    {file = "biopython-1.79-cp310-cp310-win_amd64.whl", hash = "sha256:9eadfd4300f534cd4fa39613eeee786d2c3d6b981d373c5c46616fa1a97cad10"},
    {file = "biopython-1.79-cp36-cp36m-macosx_10_9_x86_64.whl", hash = "sha256:72a1477cf1701964c7224e506a54fd65d1cc5228da200b634a17992230aa1cbd"},
    {file = "biopython-1.79-cp36-cp36m-manylinux_2_17_aarch64.manylinux2014_aarch64.whl", hash = "sha256:365569543ea58dd07ef205ec351c23b6c1a3200d5d321eb28ceaecd55eb5955e"},
    {file = "biopython-1.79-cp36-cp36m-manylinux_2_5_i686.manylinux1_i686.whl", hash = "sha256:4be31815226052d86d4c2f6a103c40504e34bba3e25cc1b1d687a3203c42fb6e"},
    {file = "biopython-1.79-cp36-cp36m-manylinux_2_5_x86_64.manylinux1_x86_64.whl", hash = "sha256:ceab668be9cbdcddef55ad459f87acd0316ae4a00d32251fea4cf665f5062fda"},
    {file = "biopython-1.79-cp36-cp36m-win32.whl", hash = "sha256:83bfea8a19f9352c47b13965c4b73853e7aeef3c5aed8489895b0679e32c621b"},
    {file = "biopython-1.79-cp36-cp36m-win_amd64.whl", hash = "sha256:98deacc30b8654cfcdcf707d93fa4e3c8717bbda07c3f9f828cf84753d4a1e4d"},
    {file = "biopython-1.79-cp37-cp37m-macosx_10_9_x86_64.whl", hash = "sha256:884a2b99ac7820cb84f70089769a512e3238ee60438b8c934ed519613dc570ce"},
    {file = "biopython-1.79-cp37-cp37m-manylinux_2_17_aarch64.manylinux2014_aarch64.whl", hash = "sha256:51eb467a60c38820ad1e6c3a7d4cb10535606f559646e824cc65c96091d91ff7"},
    {file = "biopython-1.79-cp37-cp37m-manylinux_2_5_i686.manylinux1_i686.whl", hash = "sha256:03ee5c72b3cc3f0675a8c22ce1c45fe99a32a60db18df059df479ae6cf619708"},
    {file = "biopython-1.79-cp37-cp37m-manylinux_2_5_x86_64.manylinux1_x86_64.whl", hash = "sha256:9580978803b582e0612b71673cab289e6bf261a865009cfb9501d65bc726a76e"},
    {file = "biopython-1.79-cp37-cp37m-win32.whl", hash = "sha256:5ae69c5e09769390643aa0f8064517665df6fb99c37433821d6664584d0ecb8c"},
    {file = "biopython-1.79-cp37-cp37m-win_amd64.whl", hash = "sha256:f0a7e1d94a318f74974345fd0987ec389b16988ec484e67218e900b116b932a8"},
    {file = "biopython-1.79-cp38-cp38-macosx_10_9_x86_64.whl", hash = "sha256:aa23a83a220486af6193760d079b36543fe00afcfbd18280ca2fd0b2c1c8dd6d"},
    {file = "biopython-1.79-cp38-cp38-manylinux_2_17_aarch64.manylinux2014_aarch64.whl", hash = "sha256:4b3d4eec2e348c3d97a7fde80ee0f2b8ebeed849d2bd64a616833a9be03b93c8"},
    {file = "biopython-1.79-cp38-cp38-manylinux_2_5_i686.manylinux1_i686.whl", hash = "sha256:947b793e804c59ea45ae46945a57612ad1789ca87af4af0d6a62dcecf3a6246a"},
    {file = "biopython-1.79-cp38-cp38-manylinux_2_5_x86_64.manylinux1_x86_64.whl", hash = "sha256:d9f6ce961e0c380e2a5435f64c96421dbcebeab6a1b41506bd81251feb733c08"},
    {file = "biopython-1.79-cp38-cp38-win32.whl", hash = "sha256:155c5b95857bca7ebd607210cb9d8ea459bb0b86b3ca37ea44ec47c26ede7e9a"},
    {file = "biopython-1.79-cp38-cp38-win_amd64.whl", hash = "sha256:2dbb4388c75b5dfca8ce729e791f465c9c878dbd7ba2ab9a1f9854609d2b5426"},
    {file = "biopython-1.79-cp39-cp39-macosx_10_9_x86_64.whl", hash = "sha256:76988ed3d7383d566db1d7fc69c9cf136c6275813fb749fc6753c340f81f1a8f"},
    {file = "biopython-1.79-cp39-cp39-manylinux_2_17_aarch64.manylinux2014_aarch64.whl", hash = "sha256:e921571b51514a6d35944242d6fef6427c3998acf58940fe1f209ac8a92a6e87"},
    {file = "biopython-1.79-cp39-cp39-manylinux_2_5_i686.manylinux1_i686.whl", hash = "sha256:bf634a56f449a4123e48e538d661948e5ac29fb452acd2962b8cb834b472a9d7"},
    {file = "biopython-1.79-cp39-cp39-manylinux_2_5_x86_64.manylinux1_x86_64.whl", hash = "sha256:ab93d5749b375be3682866b3a606aa2ebd3e6d868079793925bf4fbb0987cf1f"},
    {file = "biopython-1.79-cp39-cp39-win32.whl", hash = "sha256:8f33dafd3c7254fff5e1684b965e45a7c08d9b8e1bf51562b0a521ff9a6f5ea0"},
    {file = "biopython-1.79-cp39-cp39-win_amd64.whl", hash = "sha256:b3ab26f26a1956ef26303386510d84e917e31fcbbc94918c336da0163ef628df"},
    {file = "biopython-1.79.tar.gz", hash = "sha256:edb07eac99d3b8abd7ba56ff4bedec9263f76dfc3c3f450e7d2e2bcdecf8559b"},
]
certifi = [
    {file = "certifi-2021.10.8-py2.py3-none-any.whl", hash = "sha256:d62a0163eb4c2344ac042ab2bdf75399a71a2d8c7d47eac2e2ee91b9d6339569"},
    {file = "certifi-2021.10.8.tar.gz", hash = "sha256:78884e7c1d4b00ce3cea67b44566851c4343c120abd683433ce934a68ea58872"},
]
charset-normalizer = [
    {file = "charset-normalizer-2.0.12.tar.gz", hash = "sha256:2857e29ff0d34db842cd7ca3230549d1a697f96ee6d3fb071cfa6c7393832597"},
    {file = "charset_normalizer-2.0.12-py3-none-any.whl", hash = "sha256:6881edbebdb17b39b4eaaa821b438bf6eddffb4468cf344f09f89def34a8b1df"},
]
datacache = [
    {file = "datacache-1.1.5.tar.gz", hash = "sha256:b2ca31b2b9d3803a49645ab4f5b30fdd0820e833a81a6952b4ec3a68c8ee24a7"},
]
decimalfp = [
    {file = "decimalfp-0.12.2.tar.gz", hash = "sha256:75d6f50875f64be30a0c548ecde8e1e2ebc034ddc4fd1e6ff39c79ee67ef2422"},
]
django = [
    {file = "Django-4.0.3-py3-none-any.whl", hash = "sha256:1239218849e922033a35d2a2f777cb8bee18bd725416744074f455f34ff50d0c"},
    {file = "Django-4.0.3.tar.gz", hash = "sha256:77ff2e7050e3324c9b67e29b6707754566f58514112a9ac73310f60cd5261930"},
]
gtfparse = [
    {file = "gtfparse-1.2.1.tar.gz", hash = "sha256:559d4d36b0bd5d4494f925cab3c00cd969783ebb6408fa025df92663965834b8"},
]
idna = [
    {file = "idna-3.3-py3-none-any.whl", hash = "sha256:84d9dd047ffa80596e0f246e2eab0b391788b0503584e8945f2368256d2735ff"},
    {file = "idna-3.3.tar.gz", hash = "sha256:9d643ff0a55b762d5cdb124b8eaa99c66322e2157b69160bc32796e824360e6d"},
]
memoized-property = [
    {file = "memoized-property-1.0.3.tar.gz", hash = "sha256:4be4d0209944b9b9b678dae9d7e312249fe2e6fb8bdc9bdaa1da4de324f0fcf5"},
]
mock = [
    {file = "mock-4.0.3-py3-none-any.whl", hash = "sha256:122fcb64ee37cfad5b3f48d7a7d51875d7031aaf3d8be7c42e2bee25044eee62"},
    {file = "mock-4.0.3.tar.gz", hash = "sha256:7d3fbbde18228f4ff2f1f119a45cdffa458b4c0dee32eb4d2bb2f82554bac7bc"},
]
numpy = [
    {file = "numpy-1.22.2-cp310-cp310-macosx_10_14_x86_64.whl", hash = "sha256:515a8b6edbb904594685da6e176ac9fbea8f73a5ebae947281de6613e27f1956"},
    {file = "numpy-1.22.2-cp310-cp310-macosx_11_0_arm64.whl", hash = "sha256:76a4f9bce0278becc2da7da3b8ef854bed41a991f4226911a24a9711baad672c"},
    {file = "numpy-1.22.2-cp310-cp310-manylinux_2_17_aarch64.manylinux2014_aarch64.whl", hash = "sha256:168259b1b184aa83a514f307352c25c56af111c269ffc109d9704e81f72e764b"},
    {file = "numpy-1.22.2-cp310-cp310-manylinux_2_17_x86_64.manylinux2014_x86_64.whl", hash = "sha256:3556c5550de40027d3121ebbb170f61bbe19eb639c7ad0c7b482cd9b560cd23b"},
    {file = "numpy-1.22.2-cp310-cp310-win_amd64.whl", hash = "sha256:aafa46b5a39a27aca566198d3312fb3bde95ce9677085efd02c86f7ef6be4ec7"},
    {file = "numpy-1.22.2-cp38-cp38-macosx_10_14_x86_64.whl", hash = "sha256:55535c7c2f61e2b2fc817c5cbe1af7cb907c7f011e46ae0a52caa4be1f19afe2"},
    {file = "numpy-1.22.2-cp38-cp38-macosx_11_0_arm64.whl", hash = "sha256:60cb8e5933193a3cc2912ee29ca331e9c15b2da034f76159b7abc520b3d1233a"},
    {file = "numpy-1.22.2-cp38-cp38-manylinux_2_17_aarch64.manylinux2014_aarch64.whl", hash = "sha256:0b536b6840e84c1c6a410f3a5aa727821e6108f3454d81a5cd5900999ef04f89"},
    {file = "numpy-1.22.2-cp38-cp38-manylinux_2_17_x86_64.manylinux2014_x86_64.whl", hash = "sha256:2638389562bda1635b564490d76713695ff497242a83d9b684d27bb4a6cc9d7a"},
    {file = "numpy-1.22.2-cp38-cp38-win32.whl", hash = "sha256:6767ad399e9327bfdbaa40871be4254d1995f4a3ca3806127f10cec778bd9896"},
    {file = "numpy-1.22.2-cp38-cp38-win_amd64.whl", hash = "sha256:03ae5850619abb34a879d5f2d4bb4dcd025d6d8fb72f5e461dae84edccfe129f"},
    {file = "numpy-1.22.2-cp39-cp39-macosx_10_14_x86_64.whl", hash = "sha256:d76a26c5118c4d96e264acc9e3242d72e1a2b92e739807b3b69d8d47684b6677"},
    {file = "numpy-1.22.2-cp39-cp39-macosx_11_0_arm64.whl", hash = "sha256:15efb7b93806d438e3bc590ca8ef2f953b0ce4f86f337ef4559d31ec6cf9d7dd"},
    {file = "numpy-1.22.2-cp39-cp39-manylinux_2_17_aarch64.manylinux2014_aarch64.whl", hash = "sha256:badca914580eb46385e7f7e4e426fea6de0a37b9e06bec252e481ae7ec287082"},
    {file = "numpy-1.22.2-cp39-cp39-manylinux_2_17_x86_64.manylinux2014_x86_64.whl", hash = "sha256:94dd11d9f13ea1be17bac39c1942f527cbf7065f94953cf62dfe805653da2f8f"},
    {file = "numpy-1.22.2-cp39-cp39-win32.whl", hash = "sha256:8cf33634b60c9cef346663a222d9841d3bbbc0a2f00221d6bcfd0d993d5543f6"},
    {file = "numpy-1.22.2-cp39-cp39-win_amd64.whl", hash = "sha256:59153979d60f5bfe9e4c00e401e24dfe0469ef8da6d68247439d3278f30a180f"},
    {file = "numpy-1.22.2-pp38-pypy38_pp73-manylinux_2_17_x86_64.manylinux2014_x86_64.whl", hash = "sha256:4a176959b6e7e00b5a0d6f549a479f869829bfd8150282c590deee6d099bbb6e"},
    {file = "numpy-1.22.2.zip", hash = "sha256:076aee5a3763d41da6bef9565fdf3cb987606f567cd8b104aded2b38b7b47abf"},
]
pandas = [
    {file = "pandas-1.4.1-cp310-cp310-macosx_10_9_universal2.whl", hash = "sha256:3dfb32ed50122fe8c5e7f2b8d97387edd742cc78f9ec36f007ee126cd3720907"},
    {file = "pandas-1.4.1-cp310-cp310-macosx_10_9_x86_64.whl", hash = "sha256:0259cd11e7e6125aaea3af823b80444f3adad6149ff4c97fef760093598b3e34"},
    {file = "pandas-1.4.1-cp310-cp310-macosx_11_0_arm64.whl", hash = "sha256:96e9ece5759f9b47ae43794b6359bbc54805d76e573b161ae770c1ea59393106"},
    {file = "pandas-1.4.1-cp310-cp310-manylinux_2_17_aarch64.manylinux2014_aarch64.whl", hash = "sha256:508c99debccd15790d526ce6b1624b97a5e1e4ca5b871319fb0ebfd46b8f4dad"},
    {file = "pandas-1.4.1-cp310-cp310-manylinux_2_17_x86_64.manylinux2014_x86_64.whl", hash = "sha256:e6a7bbbb7950063bfc942f8794bc3e31697c020a14f1cd8905fc1d28ec674a01"},
    {file = "pandas-1.4.1-cp310-cp310-win_amd64.whl", hash = "sha256:c614001129b2a5add5e3677c3a213a9e6fd376204cb8d17c04e84ff7dfc02a73"},
    {file = "pandas-1.4.1-cp38-cp38-macosx_10_9_universal2.whl", hash = "sha256:4e1176f45981c8ccc8161bc036916c004ca51037a7ed73f2d2a9857e6dbe654f"},
    {file = "pandas-1.4.1-cp38-cp38-macosx_10_9_x86_64.whl", hash = "sha256:bbb15ad79050e8b8d39ec40dd96a30cd09b886a2ae8848d0df1abba4d5502a67"},
    {file = "pandas-1.4.1-cp38-cp38-macosx_11_0_arm64.whl", hash = "sha256:6d6ad1da00c7cc7d8dd1559a6ba59ba3973be6b15722d49738b2be0977eb8a0c"},
    {file = "pandas-1.4.1-cp38-cp38-manylinux_2_17_aarch64.manylinux2014_aarch64.whl", hash = "sha256:358b0bc98a5ff067132d23bf7a2242ee95db9ea5b7bbc401cf79205f11502fd3"},
    {file = "pandas-1.4.1-cp38-cp38-manylinux_2_17_x86_64.manylinux2014_x86_64.whl", hash = "sha256:6105af6533f8b63a43ea9f08a2ede04e8f43e49daef0209ab0d30352bcf08bee"},
    {file = "pandas-1.4.1-cp38-cp38-win32.whl", hash = "sha256:04dd15d9db538470900c851498e532ef28d4e56bfe72c9523acb32042de43dfb"},
    {file = "pandas-1.4.1-cp38-cp38-win_amd64.whl", hash = "sha256:1b384516dbb4e6aae30e3464c2e77c563da5980440fbdfbd0968e3942f8f9d70"},
    {file = "pandas-1.4.1-cp39-cp39-macosx_10_9_universal2.whl", hash = "sha256:f02e85e6d832be37d7f16cf6ac8bb26b519ace3e5f3235564a91c7f658ab2a43"},
    {file = "pandas-1.4.1-cp39-cp39-macosx_10_9_x86_64.whl", hash = "sha256:0b1a13f647e4209ed7dbb5da3497891d0045da9785327530ab696417ef478f84"},
    {file = "pandas-1.4.1-cp39-cp39-macosx_11_0_arm64.whl", hash = "sha256:19f7c632436b1b4f84615c3b127bbd7bc603db95e3d4332ed259dc815c9aaa26"},
    {file = "pandas-1.4.1-cp39-cp39-manylinux_2_17_aarch64.manylinux2014_aarch64.whl", hash = "sha256:7ea47ba1d6f359680130bd29af497333be6110de8f4c35b9211eec5a5a9630fa"},
    {file = "pandas-1.4.1-cp39-cp39-manylinux_2_17_x86_64.manylinux2014_x86_64.whl", hash = "sha256:2e5a7a1e0ecaac652326af627a3eca84886da9e667d68286866d4e33f6547caf"},
    {file = "pandas-1.4.1-cp39-cp39-win32.whl", hash = "sha256:1d85d5f6be66dfd6d1d8d13b9535e342a2214260f1852654b19fa4d7b8d1218b"},
    {file = "pandas-1.4.1-cp39-cp39-win_amd64.whl", hash = "sha256:3129a35d9dad1d80c234dd78f8f03141b914395d23f97cf92a366dcd19f8f8bf"},
    {file = "pandas-1.4.1.tar.gz", hash = "sha256:8db93ec98ac7cb5f8ac1420c10f5e3c43533153f253fe7fb6d891cf5aa2b80d2"},
]
progressbar33 = [
    {file = "progressbar33-2.4.macosx-10.9-x86_64.exe", hash = "sha256:4821ae5a758a6ec59657cb1bd4fe513c3d4717e9fcfd63d650829541bca50d2f"},
    {file = "progressbar33-2.4.tar.gz", hash = "sha256:51fe0d9b3b4023db2f983eeccdfc8c9846b84db8443b9bee002c7f58f4376eff"},
]
pyensembl = [
    {file = "pyensembl-1.9.4.tar.gz", hash = "sha256:3c5542e73351715fa1cbfc6677d5499091c96d62d47ccea9b93042708f8ca435"},
]
python-dateutil = [
    {file = "python-dateutil-2.8.2.tar.gz", hash = "sha256:0123cacc1627ae19ddf3c27a5de5bd67ee4586fbdd6440d9748f8abb483d3e86"},
    {file = "python_dateutil-2.8.2-py2.py3-none-any.whl", hash = "sha256:961d03dc3453ebbc59dbdea9e4e11c5651520a876d0f4db161e8674aae935da9"},
]
pytz = [
    {file = "pytz-2021.3-py2.py3-none-any.whl", hash = "sha256:3672058bc3453457b622aab7a1c3bfd5ab0bdae451512f6cf25f64ed37f5b87c"},
    {file = "pytz-2021.3.tar.gz", hash = "sha256:acad2d8b20a1af07d4e4c9d2e9285c5ed9104354062f275f3fcd88dcef4f1326"},
]
pyvcf = [
    {file = "PyVCF-0.6.8.linux-x86_64.tar.gz", hash = "sha256:1b3c833dcf4cca830e8255e3ac0573d2e69f588f71f7a5efb2a92b45d7b70021"},
    {file = "PyVCF-0.6.8.tar.gz", hash = "sha256:e9d872513d179d229ab61da47a33f42726e9613784d1cb2bac3f8e2642f6f9d9"},
]
quantity = [
    {file = "quantity-0.11.2.tar.gz", hash = "sha256:401e2b204cecb91988f84a4a8a5670b27118c411d51c354f1a35e58728b53d4e"},
]
requests = [
    {file = "requests-2.27.1-py2.py3-none-any.whl", hash = "sha256:f22fa1e554c9ddfd16e6e41ac79759e17be9e492b3587efa038054674760e72d"},
    {file = "requests-2.27.1.tar.gz", hash = "sha256:68d7c56fd5a8999887728ef304a6d12edc7be74f1cfa47714fc8b414525c9a61"},
]
sercol = [
    {file = "sercol-0.1.4.tar.gz", hash = "sha256:eab962cf60bccb3c500b0eac7f51e865efefc4203d0323da3c4d5414e0b4e577"},
]
serializable = [
    {file = "serializable-0.2.1.tar.gz", hash = "sha256:ec604e5df0c1236c06d190043a407495c4412dd6b6fd3b45a8514518173ed961"},
]
simplejson = [
    {file = "simplejson-3.17.6-cp27-cp27m-macosx_10_9_x86_64.whl", hash = "sha256:a89acae02b2975b1f8e4974cb8cdf9bf9f6c91162fb8dec50c259ce700f2770a"},
    {file = "simplejson-3.17.6-cp27-cp27m-manylinux1_i686.whl", hash = "sha256:82ff356ff91be0ab2293fc6d8d262451eb6ac4fd999244c4b5f863e049ba219c"},
    {file = "simplejson-3.17.6-cp27-cp27m-manylinux1_x86_64.whl", hash = "sha256:0de783e9c2b87bdd75b57efa2b6260c24b94605b5c9843517577d40ee0c3cc8a"},
    {file = "simplejson-3.17.6-cp27-cp27m-manylinux2010_i686.whl", hash = "sha256:d24a9e61df7a7787b338a58abfba975414937b609eb6b18973e25f573bc0eeeb"},
    {file = "simplejson-3.17.6-cp27-cp27m-manylinux2010_x86_64.whl", hash = "sha256:e8603e691580487f11306ecb066c76f1f4a8b54fb3bdb23fa40643a059509366"},
    {file = "simplejson-3.17.6-cp27-cp27mu-manylinux1_i686.whl", hash = "sha256:9b01e7b00654115965a206e3015f0166674ec1e575198a62a977355597c0bef5"},
    {file = "simplejson-3.17.6-cp27-cp27mu-manylinux1_x86_64.whl", hash = "sha256:37bc0cf0e5599f36072077e56e248f3336917ded1d33d2688624d8ed3cefd7d2"},
    {file = "simplejson-3.17.6-cp27-cp27mu-manylinux2010_i686.whl", hash = "sha256:cf6e7d5fe2aeb54898df18db1baf479863eae581cce05410f61f6b4188c8ada1"},
    {file = "simplejson-3.17.6-cp27-cp27mu-manylinux2010_x86_64.whl", hash = "sha256:bdfc54b4468ed4cd7415928cbe782f4d782722a81aeb0f81e2ddca9932632211"},
    {file = "simplejson-3.17.6-cp310-cp310-macosx_10_9_universal2.whl", hash = "sha256:dd16302d39c4d6f4afde80edd0c97d4db643327d355a312762ccd9bd2ca515ed"},
    {file = "simplejson-3.17.6-cp310-cp310-macosx_10_9_x86_64.whl", hash = "sha256:deac4bdafa19bbb89edfb73b19f7f69a52d0b5bd3bb0c4ad404c1bbfd7b4b7fd"},
    {file = "simplejson-3.17.6-cp310-cp310-macosx_11_0_arm64.whl", hash = "sha256:a8bbdb166e2fb816e43ab034c865147edafe28e1b19c72433147789ac83e2dda"},
    {file = "simplejson-3.17.6-cp310-cp310-manylinux_2_17_aarch64.manylinux2014_aarch64.whl", hash = "sha256:a7854326920d41c3b5d468154318fe6ba4390cb2410480976787c640707e0180"},
    {file = "simplejson-3.17.6-cp310-cp310-manylinux_2_5_i686.manylinux1_i686.manylinux_2_12_i686.manylinux2010_i686.whl", hash = "sha256:04e31fa6ac8e326480703fb6ded1488bfa6f1d3f760d32e29dbf66d0838982ce"},
    {file = "simplejson-3.17.6-cp310-cp310-manylinux_2_5_x86_64.manylinux1_x86_64.manylinux_2_12_x86_64.manylinux2010_x86_64.whl", hash = "sha256:f63600ec06982cdf480899026f4fda622776f5fabed9a869fdb32d72bc17e99a"},
    {file = "simplejson-3.17.6-cp310-cp310-musllinux_1_1_aarch64.whl", hash = "sha256:e03c3b8cc7883a54c3f34a6a135c4a17bc9088a33f36796acdb47162791b02f6"},
    {file = "simplejson-3.17.6-cp310-cp310-musllinux_1_1_i686.whl", hash = "sha256:a2d30d6c1652140181dc6861f564449ad71a45e4f165a6868c27d36745b65d40"},
    {file = "simplejson-3.17.6-cp310-cp310-musllinux_1_1_x86_64.whl", hash = "sha256:a1aa6e4cae8e3b8d5321be4f51c5ce77188faf7baa9fe1e78611f93a8eed2882"},
    {file = "simplejson-3.17.6-cp310-cp310-win32.whl", hash = "sha256:97202f939c3ff341fc3fa84d15db86156b1edc669424ba20b0a1fcd4a796a045"},
    {file = "simplejson-3.17.6-cp310-cp310-win_amd64.whl", hash = "sha256:80d3bc9944be1d73e5b1726c3bbfd2628d3d7fe2880711b1eb90b617b9b8ac70"},
    {file = "simplejson-3.17.6-cp36-cp36m-macosx_10_9_x86_64.whl", hash = "sha256:9fa621b3c0c05d965882c920347b6593751b7ab20d8fa81e426f1735ca1a9fc7"},
    {file = "simplejson-3.17.6-cp36-cp36m-manylinux_2_17_aarch64.manylinux2014_aarch64.whl", hash = "sha256:dd2fb11922f58df8528adfca123f6a84748ad17d066007e7ac977720063556bd"},
    {file = "simplejson-3.17.6-cp36-cp36m-manylinux_2_5_i686.manylinux1_i686.manylinux_2_12_i686.manylinux2010_i686.whl", hash = "sha256:724c1fe135aa437d5126138d977004d165a3b5e2ee98fc4eb3e7c0ef645e7e27"},
    {file = "simplejson-3.17.6-cp36-cp36m-manylinux_2_5_x86_64.manylinux1_x86_64.manylinux_2_12_x86_64.manylinux2010_x86_64.whl", hash = "sha256:4ff4ac6ff3aa8f814ac0f50bf218a2e1a434a17aafad4f0400a57a8cc62ef17f"},
    {file = "simplejson-3.17.6-cp36-cp36m-musllinux_1_1_aarch64.whl", hash = "sha256:67093a526e42981fdd954868062e56c9b67fdd7e712616cc3265ad0c210ecb51"},
    {file = "simplejson-3.17.6-cp36-cp36m-musllinux_1_1_i686.whl", hash = "sha256:5d6b4af7ad7e4ac515bc6e602e7b79e2204e25dbd10ab3aa2beef3c5a9cad2c7"},
    {file = "simplejson-3.17.6-cp36-cp36m-musllinux_1_1_x86_64.whl", hash = "sha256:1c9b1ed7ed282b36571638297525f8ef80f34b3e2d600a56f962c6044f24200d"},
    {file = "simplejson-3.17.6-cp36-cp36m-win32.whl", hash = "sha256:632ecbbd2228575e6860c9e49ea3cc5423764d5aa70b92acc4e74096fb434044"},
    {file = "simplejson-3.17.6-cp36-cp36m-win_amd64.whl", hash = "sha256:4c09868ddb86bf79b1feb4e3e7e4a35cd6e61ddb3452b54e20cf296313622566"},
    {file = "simplejson-3.17.6-cp37-cp37m-macosx_10_9_x86_64.whl", hash = "sha256:4b6bd8144f15a491c662f06814bd8eaa54b17f26095bb775411f39bacaf66837"},
    {file = "simplejson-3.17.6-cp37-cp37m-manylinux_2_17_aarch64.manylinux2014_aarch64.whl", hash = "sha256:5decdc78849617917c206b01e9fc1d694fd58caa961be816cb37d3150d613d9a"},
    {file = "simplejson-3.17.6-cp37-cp37m-manylinux_2_5_i686.manylinux1_i686.manylinux_2_12_i686.manylinux2010_i686.whl", hash = "sha256:521877c7bd060470806eb6335926e27453d740ac1958eaf0d8c00911bc5e1802"},
    {file = "simplejson-3.17.6-cp37-cp37m-manylinux_2_5_x86_64.manylinux1_x86_64.manylinux_2_12_x86_64.manylinux2010_x86_64.whl", hash = "sha256:65b998193bd7b0c7ecdfffbc825d808eac66279313cb67d8892bb259c9d91494"},
    {file = "simplejson-3.17.6-cp37-cp37m-musllinux_1_1_aarch64.whl", hash = "sha256:ac786f6cb7aa10d44e9641c7a7d16d7f6e095b138795cd43503769d4154e0dc2"},
    {file = "simplejson-3.17.6-cp37-cp37m-musllinux_1_1_i686.whl", hash = "sha256:3ff5b3464e1ce86a8de8c88e61d4836927d5595c2162cab22e96ff551b916e81"},
    {file = "simplejson-3.17.6-cp37-cp37m-musllinux_1_1_x86_64.whl", hash = "sha256:69bd56b1d257a91e763256d63606937ae4eb890b18a789b66951c00062afec33"},
    {file = "simplejson-3.17.6-cp37-cp37m-win32.whl", hash = "sha256:b81076552d34c27e5149a40187a8f7e2abb2d3185576a317aaf14aeeedad862a"},
    {file = "simplejson-3.17.6-cp37-cp37m-win_amd64.whl", hash = "sha256:07ecaafc1b1501f275bf5acdee34a4ad33c7c24ede287183ea77a02dc071e0c0"},
    {file = "simplejson-3.17.6-cp38-cp38-macosx_10_9_universal2.whl", hash = "sha256:068670af975247acbb9fc3d5393293368cda17026db467bf7a51548ee8f17ee1"},
    {file = "simplejson-3.17.6-cp38-cp38-macosx_10_9_x86_64.whl", hash = "sha256:4d1c135af0c72cb28dd259cf7ba218338f4dc027061262e46fe058b4e6a4c6a3"},
    {file = "simplejson-3.17.6-cp38-cp38-macosx_11_0_arm64.whl", hash = "sha256:23fe704da910ff45e72543cbba152821685a889cf00fc58d5c8ee96a9bad5f94"},
    {file = "simplejson-3.17.6-cp38-cp38-manylinux_2_17_aarch64.manylinux2014_aarch64.whl", hash = "sha256:f444762fed1bc1fd75187ef14a20ed900c1fbb245d45be9e834b822a0223bc81"},
    {file = "simplejson-3.17.6-cp38-cp38-manylinux_2_5_i686.manylinux1_i686.manylinux_2_12_i686.manylinux2010_i686.whl", hash = "sha256:681eb4d37c9a9a6eb9b3245a5e89d7f7b2b9895590bb08a20aa598c1eb0a1d9d"},
    {file = "simplejson-3.17.6-cp38-cp38-manylinux_2_5_x86_64.manylinux1_x86_64.manylinux_2_12_x86_64.manylinux2010_x86_64.whl", hash = "sha256:8e8607d8f6b4f9d46fee11447e334d6ab50e993dd4dbfb22f674616ce20907ab"},
    {file = "simplejson-3.17.6-cp38-cp38-musllinux_1_1_aarch64.whl", hash = "sha256:b10556817f09d46d420edd982dd0653940b90151d0576f09143a8e773459f6fe"},
    {file = "simplejson-3.17.6-cp38-cp38-musllinux_1_1_i686.whl", hash = "sha256:e1ec8a9ee0987d4524ffd6299e778c16cc35fef6d1a2764e609f90962f0b293a"},
    {file = "simplejson-3.17.6-cp38-cp38-musllinux_1_1_x86_64.whl", hash = "sha256:0b4126cac7d69ac06ff22efd3e0b3328a4a70624fcd6bca4fc1b4e6d9e2e12bf"},
    {file = "simplejson-3.17.6-cp38-cp38-win32.whl", hash = "sha256:35a49ebef25f1ebdef54262e54ae80904d8692367a9f208cdfbc38dbf649e00a"},
    {file = "simplejson-3.17.6-cp38-cp38-win_amd64.whl", hash = "sha256:743cd768affaa508a21499f4858c5b824ffa2e1394ed94eb85caf47ac0732198"},
    {file = "simplejson-3.17.6-cp39-cp39-macosx_10_9_universal2.whl", hash = "sha256:fb62d517a516128bacf08cb6a86ecd39fb06d08e7c4980251f5d5601d29989ba"},
    {file = "simplejson-3.17.6-cp39-cp39-macosx_10_9_x86_64.whl", hash = "sha256:12133863178a8080a3dccbf5cb2edfab0001bc41e5d6d2446af2a1131105adfe"},
    {file = "simplejson-3.17.6-cp39-cp39-macosx_11_0_arm64.whl", hash = "sha256:5540fba2d437edaf4aa4fbb80f43f42a8334206ad1ad3b27aef577fd989f20d9"},
    {file = "simplejson-3.17.6-cp39-cp39-manylinux_2_17_aarch64.manylinux2014_aarch64.whl", hash = "sha256:d74ee72b5071818a1a5dab47338e87f08a738cb938a3b0653b9e4d959ddd1fd9"},
    {file = "simplejson-3.17.6-cp39-cp39-manylinux_2_5_i686.manylinux1_i686.manylinux_2_12_i686.manylinux2010_i686.whl", hash = "sha256:28221620f4dcabdeac310846629b976e599a13f59abb21616356a85231ebd6ad"},
    {file = "simplejson-3.17.6-cp39-cp39-manylinux_2_5_x86_64.manylinux1_x86_64.manylinux_2_12_x86_64.manylinux2010_x86_64.whl", hash = "sha256:b09bc62e5193e31d7f9876220fb429ec13a6a181a24d897b9edfbbdbcd678851"},
    {file = "simplejson-3.17.6-cp39-cp39-musllinux_1_1_aarch64.whl", hash = "sha256:7255a37ff50593c9b2f1afa8fafd6ef5763213c1ed5a9e2c6f5b9cc925ab979f"},
    {file = "simplejson-3.17.6-cp39-cp39-musllinux_1_1_i686.whl", hash = "sha256:401d40969cee3df7bda211e57b903a534561b77a7ade0dd622a8d1a31eaa8ba7"},
    {file = "simplejson-3.17.6-cp39-cp39-musllinux_1_1_x86_64.whl", hash = "sha256:a649d0f66029c7eb67042b15374bd93a26aae202591d9afd71e111dd0006b198"},
    {file = "simplejson-3.17.6-cp39-cp39-win32.whl", hash = "sha256:522fad7be85de57430d6d287c4b635813932946ebf41b913fe7e880d154ade2e"},
    {file = "simplejson-3.17.6-cp39-cp39-win_amd64.whl", hash = "sha256:3fe87570168b2ae018391e2b43fbf66e8593a86feccb4b0500d134c998983ccc"},
    {file = "simplejson-3.17.6.tar.gz", hash = "sha256:cf98038d2abf63a1ada5730e91e84c642ba6c225b0198c3684151b1f80c5f8a6"},
]
six = [
    {file = "six-1.16.0-py2.py3-none-any.whl", hash = "sha256:8abb2f1d86890a2dfb989f9a77cfcfd3e47c2a354b01111771326f8aa26e0254"},
    {file = "six-1.16.0.tar.gz", hash = "sha256:1e61c37477a1626458e36f7b1d82aa5c9b094fa4802892072e49de9c60c4c926"},
]
sqlparse = [
    {file = "sqlparse-0.4.2-py3-none-any.whl", hash = "sha256:48719e356bb8b42991bdbb1e8b83223757b93789c00910a616a071910ca4a64d"},
    {file = "sqlparse-0.4.2.tar.gz", hash = "sha256:0c00730c74263a94e5a9919ade150dfc3b19c574389985446148402998287dae"},
]
tinytimer = [
    {file = "tinytimer-0.0.0.tar.gz", hash = "sha256:6ad13c8f01ab6094e58081a5367ffc4c5831f2d6b29034d2434d8ae106308fa5"},
]
typechecks = [
    {file = "typechecks-0.1.0.tar.gz", hash = "sha256:7d801a6018f60d2a10aa3debc3af65f590c96c455de67159f39b9b183107c83b"},
]
tzdata = [
    {file = "tzdata-2021.5-py2.py3-none-any.whl", hash = "sha256:3eee491e22ebfe1e5cfcc97a4137cd70f092ce59144d81f8924a844de05ba8f5"},
    {file = "tzdata-2021.5.tar.gz", hash = "sha256:68dbe41afd01b867894bbdfd54fa03f468cfa4f0086bfb4adcd8de8f24f3ee21"},
]
urllib3 = [
    {file = "urllib3-1.26.8-py2.py3-none-any.whl", hash = "sha256:000ca7f471a233c2251c6c7023ee85305721bfdf18621ebff4fd17a8653427ed"},
    {file = "urllib3-1.26.8.tar.gz", hash = "sha256:0e7c33d9a63e7ddfcb86780aac87befc2fbddf46c58dbb487e0855f7ceec283c"},
]
varcode = [
    {file = "varcode-1.0.3.tar.gz", hash = "sha256:2518941699f616e088c9be84b8a0fba49fb16b3ff3129d16e41f258eaece5cbe"},
]
variant = [
    {file = "variant-0.0.16-py3-none-any.whl", hash = "sha256:328fa997cb83ec2afdd0019676c06654a719528a085422d82874075c0ed1b210"},
    {file = "variant-0.0.16.tar.gz", hash = "sha256:fbffdae54e1e59063b82c9a2b8e392bae61397b7a0414a03eaa58f7462194bda"},
]
